
Microsoft Visual Studio Solution File, Format Version 12.00
# Visual Studio Version 16
VisualStudioVersion = 16.0.29613.14
MinimumVisualStudioVersion = 10.0.40219.1
Project("{FAE04EC0-301F-11D3-BF4B-00C04F79EFBC}") = "kantahe", "kantahe.csproj", "{46FADB3D-FE17-478F-8A8F-031AD8A75908}"
EndProject
Global
	GlobalSection(SolutionConfigurationPlatforms) = preSolution
		Debug|Any CPU = Debug|Any CPU
		Release|Any CPU = Release|Any CPU
	EndGlobalSection
	GlobalSection(ProjectConfigurationPlatforms) = postSolution
		{46FADB3D-FE17-478F-8A8F-031AD8A75908}.Debug|Any CPU.ActiveCfg = Debug|Any CPU
		{46FADB3D-FE17-478F-8A8F-031AD8A75908}.Debug|Any CPU.Build.0 = Debug|Any CPU
		{46FADB3D-FE17-478F-8A8F-031AD8A75908}.Release|Any CPU.ActiveCfg = Release|Any CPU
		{46FADB3D-FE17-478F-8A8F-031AD8A75908}.Release|Any CPU.Build.0 = Release|Any CPU
	EndGlobalSection
	GlobalSection(SolutionProperties) = preSolution
		HideSolutionNode = FALSE
	EndGlobalSection
	GlobalSection(ExtensibilityGlobals) = postSolution
		SolutionGuid = {E1CD0CA4-3DD0-4269-97AA-385DCB5F38DA}
	EndGlobalSection
EndGlobal
